
Microsoft Visual Studio Solution File, Format Version 12.00
# Visual Studio Version 16
VisualStudioVersion = 16.0.29102.190
MinimumVisualStudioVersion = 10.0.40219.1
Project("{FAE04EC0-301F-11D3-BF4B-00C04F79EFBC}") = "2project", "2project\2project.csproj", "{8FA28119-DBD6-4F2F-8392-7B26C7DCA50B}"
EndProject
Global
	GlobalSection(SolutionConfigurationPlatforms) = preSolution
		Debug|Any CPU = Debug|Any CPU
		Release|Any CPU = Release|Any CPU
	EndGlobalSection
	GlobalSection(ProjectConfigurationPlatforms) = postSolution
		{8FA28119-DBD6-4F2F-8392-7B26C7DCA50B}.Debug|Any CPU.ActiveCfg = Debug|Any CPU
		{8FA28119-DBD6-4F2F-8392-7B26C7DCA50B}.Debug|Any CPU.Build.0 = Debug|Any CPU
		{8FA28119-DBD6-4F2F-8392-7B26C7DCA50B}.Release|Any CPU.ActiveCfg = Release|Any CPU
		{8FA28119-DBD6-4F2F-8392-7B26C7DCA50B}.Release|Any CPU.Build.0 = Release|Any CPU
	EndGlobalSection
	GlobalSection(SolutionProperties) = preSolution
		HideSolutionNode = FALSE
	EndGlobalSection
	GlobalSection(ExtensibilityGlobals) = postSolution
		SolutionGuid = {97CE75B1-68F5-4EC7-9E62-C64A70D9D99B}
	EndGlobalSection
EndGlobal
